
Microsoft Visual Studio Solution File, Format Version 12.00
# Visual Studio 15
VisualStudioVersion = 15.0.27703.2026
MinimumVisualStudioVersion = 10.0.40219.1
Project("{FAE04EC0-301F-11D3-BF4B-00C04F79EFBC}") = "MusicPlayer", "MusicPlayer\MusicPlayer.csproj", "{27B0D529-54C0-4452-B910-3D6C62D8338E}"
EndProject
Project("{FAE04EC0-301F-11D3-BF4B-00C04F79EFBC}") = "MusicPlayerData", "MusicPlayerData\MusicPlayerData.csproj", "{A73BDBF6-7D4E-41EB-BF0A-B407BD1258D2}"
EndProject
Global
	GlobalSection(SolutionConfigurationPlatforms) = preSolution
		Debug|Any CPU = Debug|Any CPU
		Release|Any CPU = Release|Any CPU
	EndGlobalSection
	GlobalSection(ProjectConfigurationPlatforms) = postSolution
		{27B0D529-54C0-4452-B910-3D6C62D8338E}.Debug|Any CPU.ActiveCfg = Debug|Any CPU
		{27B0D529-54C0-4452-B910-3D6C62D8338E}.Debug|Any CPU.Build.0 = Debug|Any CPU
		{27B0D529-54C0-4452-B910-3D6C62D8338E}.Release|Any CPU.ActiveCfg = Release|Any CPU
		{27B0D529-54C0-4452-B910-3D6C62D8338E}.Release|Any CPU.Build.0 = Release|Any CPU
		{A73BDBF6-7D4E-41EB-BF0A-B407BD1258D2}.Debug|Any CPU.ActiveCfg = Debug|Any CPU
		{A73BDBF6-7D4E-41EB-BF0A-B407BD1258D2}.Debug|Any CPU.Build.0 = Debug|Any CPU
		{A73BDBF6-7D4E-41EB-BF0A-B407BD1258D2}.Release|Any CPU.ActiveCfg = Release|Any CPU
		{A73BDBF6-7D4E-41EB-BF0A-B407BD1258D2}.Release|Any CPU.Build.0 = Release|Any CPU
	EndGlobalSection
	GlobalSection(SolutionProperties) = preSolution
		HideSolutionNode = FALSE
	EndGlobalSection
	GlobalSection(ExtensibilityGlobals) = postSolution
		SolutionGuid = {7BE37DC9-5EBD-45A9-801D-315AD5A49077}
	EndGlobalSection
EndGlobal
